PODS:
  - FontAwesomeSwift (1.8.1):
    - FontAwesomeSwift/Core (= 1.8.1)
    - FontAwesomeSwift/FontAwesome (= 1.8.1)
    - FontAwesomeSwift/FoundationIcons (= 1.8.1)
    - FontAwesomeSwift/Ionicons (= 1.8.1)
    - FontAwesomeSwift/MaterialDesign (= 1.8.1)
    - FontAwesomeSwift/Octicons (= 1.8.1)
    - FontAwesomeSwift/Zocial (= 1.8.1)
  - FontAwesomeSwift/Core (1.8.1)
  - FontAwesomeSwift/FontAwesome (1.8.1):
    - FontAwesomeSwift/Core
  - FontAwesomeSwift/FoundationIcons (1.8.1):
    - FontAwesomeSwift/Core
  - FontAwesomeSwift/Ionicons (1.8.1):
    - FontAwesomeSwift/Core
  - FontAwesomeSwift/MaterialDesign (1.8.1):
    - FontAwesomeSwift/Core
  - FontAwesomeSwift/Octicons (1.8.1):
    - FontAwesomeSwift/Core
  - FontAwesomeSwift/Zocial (1.8.1):
    - FontAwesomeSwift/Core

DEPENDENCIES:
  - FontAwesomeSwift (from `..`)

EXTERNAL SOURCES:
  FontAwesomeSwift:
    :path: ".."

SPEC CHECKSUMS:
  FontAwesomeSwift: 2ffd31b0c2b8decf5d4693aeeaff50be599b33ad

PODFILE CHECKSUM: 21f5afddaf591eb995f5b9bfa97ce0952ff29702

COCOAPODS: 1.7.5
